
Microsoft Visual Studio Solution File, Format Version 12.00
Project("{FAE04EC0-301F-11D3-BF4B-00C04F79EFBC}") = "CompanyEmployees.Api", "CompanyEmployees.Api\CompanyEmployees.Api.csproj", "{B0E62D50-0A3B-4022-BA1A-49965E7C8B15}"
EndProject
Project("{FAE04EC0-301F-11D3-BF4B-00C04F79EFBC}") = "Contracts", "Contracts\Contracts.csproj", "{F42D136A-12A3-49F8-97C9-81F0D3BC9751}"
EndProject
Project("{FAE04EC0-301F-11D3-BF4B-00C04F79EFBC}") = "LoggerService", "LoggerService\LoggerService.csproj", "{6D592007-9E58-41BA-AAE9-AD1914AC069D}"
EndProject
Project("{FAE04EC0-301F-11D3-BF4B-00C04F79EFBC}") = "Entities", "Entities\Entities.csproj", "{8DBC73E7-1844-4D93-BC21-1F899452564C}"
EndProject
Project("{FAE04EC0-301F-11D3-BF4B-00C04F79EFBC}") = "Repository", "Repository\Repository.csproj", "{C1F63B7B-A36F-4BF9-9C22-DF2BEE28DBC8}"
EndProject
Project("{FAE04EC0-301F-11D3-BF4B-00C04F79EFBC}") = "Service.Contracts", "Service.Contracts\Service.Contracts.csproj", "{5EA1E9D0-7E8F-46E4-923A-2863AD922B8B}"
EndProject
Project("{FAE04EC0-301F-11D3-BF4B-00C04F79EFBC}") = "Services", "Services\Services.csproj", "{FEF53D24-9D34-4691-BD93-95DF48E54514}"
EndProject
Global
	GlobalSection(SolutionConfigurationPlatforms) = preSolution
		Debug|Any CPU = Debug|Any CPU
		Release|Any CPU = Release|Any CPU
	EndGlobalSection
	GlobalSection(ProjectConfigurationPlatforms) = postSolution
		{B0E62D50-0A3B-4022-BA1A-49965E7C8B15}.Debug|Any CPU.ActiveCfg = Debug|Any CPU
		{B0E62D50-0A3B-4022-BA1A-49965E7C8B15}.Debug|Any CPU.Build.0 = Debug|Any CPU
		{B0E62D50-0A3B-4022-BA1A-49965E7C8B15}.Release|Any CPU.ActiveCfg = Release|Any CPU
		{B0E62D50-0A3B-4022-BA1A-49965E7C8B15}.Release|Any CPU.Build.0 = Release|Any CPU
		{F42D136A-12A3-49F8-97C9-81F0D3BC9751}.Debug|Any CPU.ActiveCfg = Debug|Any CPU
		{F42D136A-12A3-49F8-97C9-81F0D3BC9751}.Debug|Any CPU.Build.0 = Debug|Any CPU
		{F42D136A-12A3-49F8-97C9-81F0D3BC9751}.Release|Any CPU.ActiveCfg = Release|Any CPU
		{F42D136A-12A3-49F8-97C9-81F0D3BC9751}.Release|Any CPU.Build.0 = Release|Any CPU
		{6D592007-9E58-41BA-AAE9-AD1914AC069D}.Debug|Any CPU.ActiveCfg = Debug|Any CPU
		{6D592007-9E58-41BA-AAE9-AD1914AC069D}.Debug|Any CPU.Build.0 = Debug|Any CPU
		{6D592007-9E58-41BA-AAE9-AD1914AC069D}.Release|Any CPU.ActiveCfg = Release|Any CPU
		{6D592007-9E58-41BA-AAE9-AD1914AC069D}.Release|Any CPU.Build.0 = Release|Any CPU
		{8DBC73E7-1844-4D93-BC21-1F899452564C}.Debug|Any CPU.ActiveCfg = Debug|Any CPU
		{8DBC73E7-1844-4D93-BC21-1F899452564C}.Debug|Any CPU.Build.0 = Debug|Any CPU
		{8DBC73E7-1844-4D93-BC21-1F899452564C}.Release|Any CPU.ActiveCfg = Release|Any CPU
		{8DBC73E7-1844-4D93-BC21-1F899452564C}.Release|Any CPU.Build.0 = Release|Any CPU
		{C1F63B7B-A36F-4BF9-9C22-DF2BEE28DBC8}.Debug|Any CPU.ActiveCfg = Debug|Any CPU
		{C1F63B7B-A36F-4BF9-9C22-DF2BEE28DBC8}.Debug|Any CPU.Build.0 = Debug|Any CPU
		{C1F63B7B-A36F-4BF9-9C22-DF2BEE28DBC8}.Release|Any CPU.ActiveCfg = Release|Any CPU
		{C1F63B7B-A36F-4BF9-9C22-DF2BEE28DBC8}.Release|Any CPU.Build.0 = Release|Any CPU
		{5EA1E9D0-7E8F-46E4-923A-2863AD922B8B}.Debug|Any CPU.ActiveCfg = Debug|Any CPU
		{5EA1E9D0-7E8F-46E4-923A-2863AD922B8B}.Debug|Any CPU.Build.0 = Debug|Any CPU
		{5EA1E9D0-7E8F-46E4-923A-2863AD922B8B}.Release|Any CPU.ActiveCfg = Release|Any CPU
		{5EA1E9D0-7E8F-46E4-923A-2863AD922B8B}.Release|Any CPU.Build.0 = Release|Any CPU
		{FEF53D24-9D34-4691-BD93-95DF48E54514}.Debug|Any CPU.ActiveCfg = Debug|Any CPU
		{FEF53D24-9D34-4691-BD93-95DF48E54514}.Debug|Any CPU.Build.0 = Debug|Any CPU
		{FEF53D24-9D34-4691-BD93-95DF48E54514}.Release|Any CPU.ActiveCfg = Release|Any CPU
		{FEF53D24-9D34-4691-BD93-95DF48E54514}.Release|Any CPU.Build.0 = Release|Any CPU
	EndGlobalSection
EndGlobal
